
Microsoft Visual Studio Solution File, Format Version 12.00
# Visual Studio Version 17
VisualStudioVersion = 17.4.33110.190
MinimumVisualStudioVersion = 10.0.40219.1
Project("{9A19103F-16F7-4668-BE54-9A1E7A4F7556}") = "Library", "Library\Library.csproj", "{4D21AB62-11B1-4D8D-9AD8-BB3BA6720C97}"
EndProject
Project("{9A19103F-16F7-4668-BE54-9A1E7A4F7556}") = "01_DeserializeXML", "01_DeserializeXML\01_DeserializeXML.csproj", "{C1AE3288-D443-4F4A-BEAC-66971E1F1EBA}"
EndProject
Project("{9A19103F-16F7-4668-BE54-9A1E7A4F7556}") = "02_SerializeXML", "02_SerializeXML\02_SerializeXML.csproj", "{64E71FD2-F196-4464-91EB-DAD216C9A377}"
EndProject
Project("{9A19103F-16F7-4668-BE54-9A1E7A4F7556}") = "03_SerializeJSON", "03_SerializeJSON\03_SerializeJSON.csproj", "{1139926A-6D3B-46D5-826D-6D8917603AB2}"
EndProject
Project("{9A19103F-16F7-4668-BE54-9A1E7A4F7556}") = "04_DeserializeJSON", "04_DeserializeJSON\04_DeserializeJSON.csproj", "{A69E3F99-936F-4A24-B0C5-1DFA9EA16594}"
EndProject
Project("{9A19103F-16F7-4668-BE54-9A1E7A4F7556}") = "03_Generics", "03_Generics\03_Generics.csproj", "{5201F463-2D50-4F19-AC46-CBAE72F326CC}"
EndProject
Project("{9A19103F-16F7-4668-BE54-9A1E7A4F7556}") = "05_LINQ_JOIN", "05_LINQ_JOIN\05_LINQ_JOIN.csproj", "{CB69B684-4E22-497E-BABD-FAFD290313E1}"
EndProject
Project("{9A19103F-16F7-4668-BE54-9A1E7A4F7556}") = "06_LINQ_GROUP", "06_LINQ_GROUP\06_LINQ_GROUP.csproj", "{496DE231-8DE1-4844-B475-8D7F3C8D4F75}"
EndProject
Project("{9A19103F-16F7-4668-BE54-9A1E7A4F7556}") = "06_events", "06_events\06_events.csproj", "{D4949682-141F-4787-B1FD-A63E53A27C2B}"
EndProject
Project("{9A19103F-16F7-4668-BE54-9A1E7A4F7556}") = "07_Thread", "07_Thread\07_Thread.csproj", "{D8005B7C-A8A8-432E-ADA4-8F42625846E0}"
EndProject
Project("{9A19103F-16F7-4668-BE54-9A1E7A4F7556}") = "08_AutoManual", "08_AutoManual\08_AutoManual.csproj", "{48BCBE10-0F04-4152-A46F-F41D42AB4789}"
EndProject
Project("{9A19103F-16F7-4668-BE54-9A1E7A4F7556}") = "09_Task", "09_Task\09_Task.csproj", "{A640E73E-BDAA-4200-BCF0-2069DFCF059D}"
EndProject
Project("{9A19103F-16F7-4668-BE54-9A1E7A4F7556}") = "10_TaskMult", "10_TaskMult\10_TaskMult.csproj", "{D88D629D-5785-4250-A1E8-36B86927F9A2}"
EndProject
Project("{9A19103F-16F7-4668-BE54-9A1E7A4F7556}") = "11_DataAnnotation", "11_DataAnnotation\11_DataAnnotation.csproj", "{0424F43D-7440-4344-ADD4-A14FD1FE378C}"
EndProject
Project("{9A19103F-16F7-4668-BE54-9A1E7A4F7556}") = "12_Reflection", "12_Reflection\12_Reflection.csproj", "{F63FF1FE-A287-4C0B-BCAA-0E21864CA20E}"
EndProject
Project("{FAE04EC0-301F-11D3-BF4B-00C04F79EFBC}") = "MathOperations", "MathOperations\MathOperations.csproj", "{884E95C0-7133-4153-8399-F515176018B0}"
EndProject
Global
	GlobalSection(SolutionConfigurationPlatforms) = preSolution
		Debug|Any CPU = Debug|Any CPU
		Release|Any CPU = Release|Any CPU
	EndGlobalSection
	GlobalSection(ProjectConfigurationPlatforms) = postSolution
		{4D21AB62-11B1-4D8D-9AD8-BB3BA6720C97}.Debug|Any CPU.ActiveCfg = Debug|Any CPU
		{4D21AB62-11B1-4D8D-9AD8-BB3BA6720C97}.Debug|Any CPU.Build.0 = Debug|Any CPU
		{4D21AB62-11B1-4D8D-9AD8-BB3BA6720C97}.Release|Any CPU.ActiveCfg = Release|Any CPU
		{4D21AB62-11B1-4D8D-9AD8-BB3BA6720C97}.Release|Any CPU.Build.0 = Release|Any CPU
		{C1AE3288-D443-4F4A-BEAC-66971E1F1EBA}.Debug|Any CPU.ActiveCfg = Debug|Any CPU
		{C1AE3288-D443-4F4A-BEAC-66971E1F1EBA}.Debug|Any CPU.Build.0 = Debug|Any CPU
		{C1AE3288-D443-4F4A-BEAC-66971E1F1EBA}.Release|Any CPU.ActiveCfg = Release|Any CPU
		{C1AE3288-D443-4F4A-BEAC-66971E1F1EBA}.Release|Any CPU.Build.0 = Release|Any CPU
		{64E71FD2-F196-4464-91EB-DAD216C9A377}.Debug|Any CPU.ActiveCfg = Debug|Any CPU
		{64E71FD2-F196-4464-91EB-DAD216C9A377}.Debug|Any CPU.Build.0 = Debug|Any CPU
		{64E71FD2-F196-4464-91EB-DAD216C9A377}.Release|Any CPU.ActiveCfg = Release|Any CPU
		{64E71FD2-F196-4464-91EB-DAD216C9A377}.Release|Any CPU.Build.0 = Release|Any CPU
		{1139926A-6D3B-46D5-826D-6D8917603AB2}.Debug|Any CPU.ActiveCfg = Debug|Any CPU
		{1139926A-6D3B-46D5-826D-6D8917603AB2}.Debug|Any CPU.Build.0 = Debug|Any CPU
		{1139926A-6D3B-46D5-826D-6D8917603AB2}.Release|Any CPU.ActiveCfg = Release|Any CPU
		{1139926A-6D3B-46D5-826D-6D8917603AB2}.Release|Any CPU.Build.0 = Release|Any CPU
		{A69E3F99-936F-4A24-B0C5-1DFA9EA16594}.Debug|Any CPU.ActiveCfg = Debug|Any CPU
		{A69E3F99-936F-4A24-B0C5-1DFA9EA16594}.Debug|Any CPU.Build.0 = Debug|Any CPU
		{A69E3F99-936F-4A24-B0C5-1DFA9EA16594}.Release|Any CPU.ActiveCfg = Release|Any CPU
		{A69E3F99-936F-4A24-B0C5-1DFA9EA16594}.Release|Any CPU.Build.0 = Release|Any CPU
		{5201F463-2D50-4F19-AC46-CBAE72F326CC}.Debug|Any CPU.ActiveCfg = Debug|Any CPU
		{5201F463-2D50-4F19-AC46-CBAE72F326CC}.Debug|Any CPU.Build.0 = Debug|Any CPU
		{5201F463-2D50-4F19-AC46-CBAE72F326CC}.Release|Any CPU.ActiveCfg = Release|Any CPU
		{5201F463-2D50-4F19-AC46-CBAE72F326CC}.Release|Any CPU.Build.0 = Release|Any CPU
		{CB69B684-4E22-497E-BABD-FAFD290313E1}.Debug|Any CPU.ActiveCfg = Debug|Any CPU
		{CB69B684-4E22-497E-BABD-FAFD290313E1}.Debug|Any CPU.Build.0 = Debug|Any CPU
		{CB69B684-4E22-497E-BABD-FAFD290313E1}.Release|Any CPU.ActiveCfg = Release|Any CPU
		{CB69B684-4E22-497E-BABD-FAFD290313E1}.Release|Any CPU.Build.0 = Release|Any CPU
		{496DE231-8DE1-4844-B475-8D7F3C8D4F75}.Debug|Any CPU.ActiveCfg = Debug|Any CPU
		{496DE231-8DE1-4844-B475-8D7F3C8D4F75}.Debug|Any CPU.Build.0 = Debug|Any CPU
		{496DE231-8DE1-4844-B475-8D7F3C8D4F75}.Release|Any CPU.ActiveCfg = Release|Any CPU
		{496DE231-8DE1-4844-B475-8D7F3C8D4F75}.Release|Any CPU.Build.0 = Release|Any CPU
		{D4949682-141F-4787-B1FD-A63E53A27C2B}.Debug|Any CPU.ActiveCfg = Debug|Any CPU
		{D4949682-141F-4787-B1FD-A63E53A27C2B}.Debug|Any CPU.Build.0 = Debug|Any CPU
		{D4949682-141F-4787-B1FD-A63E53A27C2B}.Release|Any CPU.ActiveCfg = Release|Any CPU
		{D4949682-141F-4787-B1FD-A63E53A27C2B}.Release|Any CPU.Build.0 = Release|Any CPU
		{D8005B7C-A8A8-432E-ADA4-8F42625846E0}.Debug|Any CPU.ActiveCfg = Debug|Any CPU
		{D8005B7C-A8A8-432E-ADA4-8F42625846E0}.Debug|Any CPU.Build.0 = Debug|Any CPU
		{D8005B7C-A8A8-432E-ADA4-8F42625846E0}.Release|Any CPU.ActiveCfg = Release|Any CPU
		{D8005B7C-A8A8-432E-ADA4-8F42625846E0}.Release|Any CPU.Build.0 = Release|Any CPU
		{48BCBE10-0F04-4152-A46F-F41D42AB4789}.Debug|Any CPU.ActiveCfg = Debug|Any CPU
		{48BCBE10-0F04-4152-A46F-F41D42AB4789}.Debug|Any CPU.Build.0 = Debug|Any CPU
		{48BCBE10-0F04-4152-A46F-F41D42AB4789}.Release|Any CPU.ActiveCfg = Release|Any CPU
		{48BCBE10-0F04-4152-A46F-F41D42AB4789}.Release|Any CPU.Build.0 = Release|Any CPU
		{A640E73E-BDAA-4200-BCF0-2069DFCF059D}.Debug|Any CPU.ActiveCfg = Debug|Any CPU
		{A640E73E-BDAA-4200-BCF0-2069DFCF059D}.Debug|Any CPU.Build.0 = Debug|Any CPU
		{A640E73E-BDAA-4200-BCF0-2069DFCF059D}.Release|Any CPU.ActiveCfg = Release|Any CPU
		{A640E73E-BDAA-4200-BCF0-2069DFCF059D}.Release|Any CPU.Build.0 = Release|Any CPU
		{D88D629D-5785-4250-A1E8-36B86927F9A2}.Debug|Any CPU.ActiveCfg = Debug|Any CPU
		{D88D629D-5785-4250-A1E8-36B86927F9A2}.Debug|Any CPU.Build.0 = Debug|Any CPU
		{D88D629D-5785-4250-A1E8-36B86927F9A2}.Release|Any CPU.ActiveCfg = Release|Any CPU
		{D88D629D-5785-4250-A1E8-36B86927F9A2}.Release|Any CPU.Build.0 = Release|Any CPU
		{0424F43D-7440-4344-ADD4-A14FD1FE378C}.Debug|Any CPU.ActiveCfg = Debug|Any CPU
		{0424F43D-7440-4344-ADD4-A14FD1FE378C}.Debug|Any CPU.Build.0 = Debug|Any CPU
		{0424F43D-7440-4344-ADD4-A14FD1FE378C}.Release|Any CPU.ActiveCfg = Release|Any CPU
		{0424F43D-7440-4344-ADD4-A14FD1FE378C}.Release|Any CPU.Build.0 = Release|Any CPU
		{F63FF1FE-A287-4C0B-BCAA-0E21864CA20E}.Debug|Any CPU.ActiveCfg = Debug|Any CPU
		{F63FF1FE-A287-4C0B-BCAA-0E21864CA20E}.Debug|Any CPU.Build.0 = Debug|Any CPU
		{F63FF1FE-A287-4C0B-BCAA-0E21864CA20E}.Release|Any CPU.ActiveCfg = Release|Any CPU
		{F63FF1FE-A287-4C0B-BCAA-0E21864CA20E}.Release|Any CPU.Build.0 = Release|Any CPU
		{884E95C0-7133-4153-8399-F515176018B0}.Debug|Any CPU.ActiveCfg = Debug|Any CPU
		{884E95C0-7133-4153-8399-F515176018B0}.Debug|Any CPU.Build.0 = Debug|Any CPU
		{884E95C0-7133-4153-8399-F515176018B0}.Release|Any CPU.ActiveCfg = Release|Any CPU
		{884E95C0-7133-4153-8399-F515176018B0}.Release|Any CPU.Build.0 = Release|Any CPU
	EndGlobalSection
	GlobalSection(SolutionProperties) = preSolution
		HideSolutionNode = FALSE
	EndGlobalSection
	GlobalSection(ExtensibilityGlobals) = postSolution
		SolutionGuid = {902F6029-1027-4BFB-A05C-D9D856FA1A66}
	EndGlobalSection
EndGlobal
